
Microsoft Visual Studio Solution File, Format Version 12.00
# Visual Studio Version 17
VisualStudioVersion = 17.0.31903.59
MinimumVisualStudioVersion = 10.0.40219.1
Project("{8BC9CEB8-8B4A-11D0-8D11-00A0C91BC942}") = "Game", "Game\Game.vcxproj", "{754BB917-2C84-4FEF-8316-70C7D7C959E6}"
EndProject
Global
	GlobalSection(SolutionConfigurationPlatforms) = preSolution
		Debug|x64 = Debug|x64
		Dist|x64 = Dist|x64
		Release|x64 = Release|x64
	EndGlobalSection
	GlobalSection(ProjectConfigurationPlatforms) = postSolution
		{754BB917-2C84-4FEF-8316-70C7D7C959E6}.Debug|x64.ActiveCfg = Debug|x64
		{754BB917-2C84-4FEF-8316-70C7D7C959E6}.Debug|x64.Build.0 = Debug|x64
		{754BB917-2C84-4FEF-8316-70C7D7C959E6}.Dist|x64.ActiveCfg = Dist|x64
		{754BB917-2C84-4FEF-8316-70C7D7C959E6}.Dist|x64.Build.0 = Dist|x64
		{754BB917-2C84-4FEF-8316-70C7D7C959E6}.Release|x64.ActiveCfg = Release|x64
		{754BB917-2C84-4FEF-8316-70C7D7C959E6}.Release|x64.Build.0 = Release|x64
	EndGlobalSection
	GlobalSection(SolutionProperties) = preSolution
		HideSolutionNode = FALSE
	EndGlobalSection
	GlobalSection(ExtensibilityGlobals) = postSolution
		SolutionGuid = {9BFCE6C4-1D6F-4513-AFF3-B16F4F3FE961}
	EndGlobalSection
EndGlobal
